
Microsoft Visual Studio Solution File, Format Version 12.00
# Visual Studio Version 17
VisualStudioVersion = 17.8.34309.116
MinimumVisualStudioVersion = 10.0.40219.1
Project("{8BC9CEB8-8B4A-11D0-8D11-00A0C91BC942}") = "SnakeGame", "SnakeGame\SnakeGame.vcxproj", "{FF7D81DF-9678-4955-B7CA-8E291A3FA46C}"
EndProject
Global
	GlobalSection(SolutionConfigurationPlatforms) = preSolution
		Debug|x64 = Debug|x64
		Debug|x86 = Debug|x86
		Release|x64 = Release|x64
		Release|x86 = Release|x86
	EndGlobalSection
	GlobalSection(ProjectConfigurationPlatforms) = postSolution
		{FF7D81DF-9678-4955-B7CA-8E291A3FA46C}.Debug|x64.ActiveCfg = Debug|x64
		{FF7D81DF-9678-4955-B7CA-8E291A3FA46C}.Debug|x64.Build.0 = Debug|x64
		{FF7D81DF-9678-4955-B7CA-8E291A3FA46C}.Debug|x86.ActiveCfg = Debug|Win32
		{FF7D81DF-9678-4955-B7CA-8E291A3FA46C}.Debug|x86.Build.0 = Debug|Win32
		{FF7D81DF-9678-4955-B7CA-8E291A3FA46C}.Release|x64.ActiveCfg = Release|x64
		{FF7D81DF-9678-4955-B7CA-8E291A3FA46C}.Release|x64.Build.0 = Release|x64
		{FF7D81DF-9678-4955-B7CA-8E291A3FA46C}.Release|x86.ActiveCfg = Release|Win32
		{FF7D81DF-9678-4955-B7CA-8E291A3FA46C}.Release|x86.Build.0 = Release|Win32
	EndGlobalSection
	GlobalSection(SolutionProperties) = preSolution
		HideSolutionNode = FALSE
	EndGlobalSection
	GlobalSection(ExtensibilityGlobals) = postSolution
		SolutionGuid = {88B7C9BF-F6BB-4320-A34B-D3A1C484463E}
	EndGlobalSection
EndGlobal
